// !$*UTF8*$!
{
	archiveVersion = 1;
	classes = {
	};
	objectVersion = 55;
	objects = {

/* Begin PBXBuildFile section */
		35B1EA9D2832B81D00644797 /* AppDelegate.swift in Sources */ = {isa = PBXBuildFile; fileRef = 35B1EA9C2832B81D00644797 /* AppDelegate.swift */; };
		35B1EA9F2832B81D00644797 /* SceneDelegate.swift in Sources */ = {isa = PBXBuildFile; fileRef = 35B1EA9E2832B81D00644797 /* SceneDelegate.swift */; };
		35B1EAA12832B81D00644797 /* ViewController.swift in Sources */ = {isa = PBXBuildFile; fileRef = 35B1EAA02832B81D00644797 /* ViewController.swift */; };
		35B1EAA42832B81D00644797 /* Main.storyboard in Resources */ = {isa = PBXBuildFile; fileRef = 35B1EAA22832B81D00644797 /* Main.storyboard */; };
		35B1EAA72832B81D00644797 /* nasa_project.xcdatamodeld in Sources */ = {isa = PBXBuildFile; fileRef = 35B1EAA52832B81D00644797 /* nasa_project.xcdatamodeld */; };
		35B1EAA92832B82400644797 /* Assets.xcassets in Resources */ = {isa = PBXBuildFile; fileRef = 35B1EAA82832B82400644797 /* Assets.xcassets */; };
		35B1EAAC2832B82400644797 /* LaunchScreen.storyboard in Resources */ = {isa = PBXBuildFile; fileRef = 35B1EAAA2832B82400644797 /* LaunchScreen.storyboard */; };
		35B1EAB72832B82500644797 /* nasa_projectTests.swift in Sources */ = {isa = PBXBuildFile; fileRef = 35B1EAB62832B82500644797 /* nasa_projectTests.swift */; };
		35B1EAC12832B82500644797 /* nasa_projectUITests.swift in Sources */ = {isa = PBXBuildFile; fileRef = 35B1EAC02832B82500644797 /* nasa_projectUITests.swift */; };
		35B1EAC32832B82500644797 /* nasa_projectUITestsLaunchTests.swift in Sources */ = {isa = PBXBuildFile; fileRef = 35B1EAC22832B82500644797 /* nasa_projectUITestsLaunchTests.swift */; };
		35B1EAD12832B96E00644797 /* URLRequestExtension.swift in Sources */ = {isa = PBXBuildFile; fileRef = 35B1EAD02832B96E00644797 /* URLRequestExtension.swift */; };
		35B1EAD42832C4A900644797 /* PhotoViewModel.swift in Sources */ = {isa = PBXBuildFile; fileRef = 35B1EAD32832C4A900644797 /* PhotoViewModel.swift */; };
		35B1EAD62832C58F00644797 /* BaseViewModel.swift in Sources */ = {isa = PBXBuildFile; fileRef = 35B1EAD52832C58F00644797 /* BaseViewModel.swift */; };
		35B1EAD92832C69600644797 /* NetworkManager.swift in Sources */ = {isa = PBXBuildFile; fileRef = 35B1EAD82832C69600644797 /* NetworkManager.swift */; };
		35B1EADC2832C70200644797 /* Photo.swift in Sources */ = {isa = PBXBuildFile; fileRef = 35B1EADB2832C70200644797 /* Photo.swift */; };
		35B1EADE2832C96500644797 /* Camera.swift in Sources */ = {isa = PBXBuildFile; fileRef = 35B1EADD2832C96500644797 /* Camera.swift */; };
		35B1EAE02832C98500644797 /* Rover.swift in Sources */ = {isa = PBXBuildFile; fileRef = 35B1EADF2832C98500644797 /* Rover.swift */; };
		35B1EAE22832CCA500644797 /* DecodableExtension.swift in Sources */ = {isa = PBXBuildFile; fileRef = 35B1EAE12832CCA500644797 /* DecodableExtension.swift */; };
		35FB12E728341CE800144871 /* PhotoCollectionViewCell.swift in Sources */ = {isa = PBXBuildFile; fileRef = 35FB12E528341CE800144871 /* PhotoCollectionViewCell.swift */; };
		35FB12E828341CE800144871 /* PhotoCollectionViewCell.xib in Resources */ = {isa = PBXBuildFile; fileRef = 35FB12E628341CE800144871 /* PhotoCollectionViewCell.xib */; };
		35FB12EA28341DC100144871 /* UICollectionViewExtension.swift in Sources */ = {isa = PBXBuildFile; fileRef = 35FB12E928341DC100144871 /* UICollectionViewExtension.swift */; };
		35FB12EC28341DEB00144871 /* UICollectionViewCellExtension.swift in Sources */ = {isa = PBXBuildFile; fileRef = 35FB12EB28341DEB00144871 /* UICollectionViewCellExtension.swift */; };
/* End PBXBuildFile section */

/* Begin PBXContainerItemProxy section */
		35B1EAB32832B82500644797 /* PBXContainerItemProxy */ = {
			isa = PBXContainerItemProxy;
			containerPortal = 35B1EA912832B81D00644797 /* Project object */;
			proxyType = 1;
			remoteGlobalIDString = 35B1EA982832B81D00644797;
			remoteInfo = nasa_project;
		};
		35B1EABD2832B82500644797 /* PBXContainerItemProxy */ = {
			isa = PBXContainerItemProxy;
			containerPortal = 35B1EA912832B81D00644797 /* Project object */;
			proxyType = 1;
			remoteGlobalIDString = 35B1EA982832B81D00644797;
			remoteInfo = nasa_project;
		};
/* End PBXContainerItemProxy section */

/* Begin PBXFileReference section */
		35B1EA992832B81D00644797 /* nasa_project.app */ = {isa = PBXFileReference; explicitFileType = wrapper.application; includeInIndex = 0; path = nasa_project.app; sourceTree = BUILT_PRODUCTS_DIR; };
		35B1EA9C2832B81D00644797 /* AppDelegate.swift */ = {isa = PBXFileReference; lastKnownFileType = sourcecode.swift; path = AppDelegate.swift; sourceTree = "<group>"; };
		35B1EA9E2832B81D00644797 /* SceneDelegate.swift */ = {isa = PBXFileReference; lastKnownFileType = sourcecode.swift; path = SceneDelegate.swift; sourceTree = "<group>"; };
		35B1EAA02832B81D00644797 /* ViewController.swift */ = {isa = PBXFileReference; lastKnownFileType = sourcecode.swift; path = ViewController.swift; sourceTree = "<group>"; };
		35B1EAA32832B81D00644797 /* Base */ = {isa = PBXFileReference; lastKnownFileType = file.storyboard; name = Base; path = Base.lproj/Main.storyboard; sourceTree = "<group>"; };
		35B1EAA62832B81D00644797 /* nasa_project.xcdatamodel */ = {isa = PBXFileReference; lastKnownFileType = wrapper.xcdatamodel; path = nasa_project.xcdatamodel; sourceTree = "<group>"; };
		35B1EAA82832B82400644797 /* Assets.xcassets */ = {isa = PBXFileReference; lastKnownFileType = folder.assetcatalog; path = Assets.xcassets; sourceTree = "<group>"; };
		35B1EAAB2832B82400644797 /* Base */ = {isa = PBXFileReference; lastKnownFileType = file.storyboard; name = Base; path = Base.lproj/LaunchScreen.storyboard; sourceTree = "<group>"; };
		35B1EAAD2832B82400644797 /* Info.plist */ = {isa = PBXFileReference; lastKnownFileType = text.plist.xml; path = Info.plist; sourceTree = "<group>"; };
		35B1EAB22832B82500644797 /* nasa_projectTests.xctest */ = {isa = PBXFileReference; explicitFileType = wrapper.cfbundle; includeInIndex = 0; path = nasa_projectTests.xctest; sourceTree = BUILT_PRODUCTS_DIR; };
		35B1EAB62832B82500644797 /* nasa_projectTests.swift */ = {isa = PBXFileReference; lastKnownFileType = sourcecode.swift; path = nasa_projectTests.swift; sourceTree = "<group>"; };
		35B1EABC2832B82500644797 /* nasa_projectUITests.xctest */ = {isa = PBXFileReference; explicitFileType = wrapper.cfbundle; includeInIndex = 0; path = nasa_projectUITests.xctest; sourceTree = BUILT_PRODUCTS_DIR; };
		35B1EAC02832B82500644797 /* nasa_projectUITests.swift */ = {isa = PBXFileReference; lastKnownFileType = sourcecode.swift; path = nasa_projectUITests.swift; sourceTree = "<group>"; };
		35B1EAC22832B82500644797 /* nasa_projectUITestsLaunchTests.swift */ = {isa = PBXFileReference; lastKnownFileType = sourcecode.swift; path = nasa_projectUITestsLaunchTests.swift; sourceTree = "<group>"; };
		35B1EAD02832B96E00644797 /* URLRequestExtension.swift */ = {isa = PBXFileReference; lastKnownFileType = sourcecode.swift; path = URLRequestExtension.swift; sourceTree = "<group>"; };
		35B1EAD32832C4A900644797 /* PhotoViewModel.swift */ = {isa = PBXFileReference; lastKnownFileType = sourcecode.swift; path = PhotoViewModel.swift; sourceTree = "<group>"; };
		35B1EAD52832C58F00644797 /* BaseViewModel.swift */ = {isa = PBXFileReference; lastKnownFileType = sourcecode.swift; path = BaseViewModel.swift; sourceTree = "<group>"; };
		35B1EAD82832C69600644797 /* NetworkManager.swift */ = {isa = PBXFileReference; lastKnownFileType = sourcecode.swift; path = NetworkManager.swift; sourceTree = "<group>"; };
		35B1EADB2832C70200644797 /* Photo.swift */ = {isa = PBXFileReference; lastKnownFileType = sourcecode.swift; path = Photo.swift; sourceTree = "<group>"; };
		35B1EADD2832C96500644797 /* Camera.swift */ = {isa = PBXFileReference; lastKnownFileType = sourcecode.swift; path = Camera.swift; sourceTree = "<group>"; };
		35B1EADF2832C98500644797 /* Rover.swift */ = {isa = PBXFileReference; lastKnownFileType = sourcecode.swift; path = Rover.swift; sourceTree = "<group>"; };
		35B1EAE12832CCA500644797 /* DecodableExtension.swift */ = {isa = PBXFileReference; lastKnownFileType = sourcecode.swift; path = DecodableExtension.swift; sourceTree = "<group>"; };
		35FB12E528341CE800144871 /* PhotoCollectionViewCell.swift */ = {isa = PBXFileReference; lastKnownFileType = sourcecode.swift; path = PhotoCollectionViewCell.swift; sourceTree = "<group>"; };
		35FB12E628341CE800144871 /* PhotoCollectionViewCell.xib */ = {isa = PBXFileReference; lastKnownFileType = file.xib; path = PhotoCollectionViewCell.xib; sourceTree = "<group>"; };
		35FB12E928341DC100144871 /* UICollectionViewExtension.swift */ = {isa = PBXFileReference; lastKnownFileType = sourcecode.swift; path = UICollectionViewExtension.swift; sourceTree = "<group>"; };
		35FB12EB28341DEB00144871 /* UICollectionViewCellExtension.swift */ = {isa = PBXFileReference; lastKnownFileType = sourcecode.swift; path = UICollectionViewCellExtension.swift; sourceTree = "<group>"; };
/* End PBXFileReference section */

/* Begin PBXFrameworksBuildPhase section */
		35B1EA962832B81D00644797 /* Frameworks */ = {
			isa = PBXFrameworksBuildPhase;
			buildActionMask = 2147483647;
			files = (
			);
			runOnlyForDeploymentPostprocessing = 0;
		};
		35B1EAAF2832B82500644797 /* Frameworks */ = {
			isa = PBXFrameworksBuildPhase;
			buildActionMask = 2147483647;
			files = (
			);
			runOnlyForDeploymentPostprocessing = 0;
		};
		35B1EAB92832B82500644797 /* Frameworks */ = {
			isa = PBXFrameworksBuildPhase;
			buildActionMask = 2147483647;
			files = (
			);
			runOnlyForDeploymentPostprocessing = 0;
		};
/* End PBXFrameworksBuildPhase section */

/* Begin PBXGroup section */
		35B1EA902832B81D00644797 = {
			isa = PBXGroup;
			children = (
				35B1EA9B2832B81D00644797 /* nasa_project */,
				35B1EAB52832B82500644797 /* nasa_projectTests */,
				35B1EABF2832B82500644797 /* nasa_projectUITests */,
				35B1EA9A2832B81D00644797 /* Products */,
			);
			sourceTree = "<group>";
		};
		35B1EA9A2832B81D00644797 /* Products */ = {
			isa = PBXGroup;
			children = (
				35B1EA992832B81D00644797 /* nasa_project.app */,
				35B1EAB22832B82500644797 /* nasa_projectTests.xctest */,
				35B1EABC2832B82500644797 /* nasa_projectUITests.xctest */,
			);
			name = Products;
			sourceTree = "<group>";
		};
		35B1EA9B2832B81D00644797 /* nasa_project */ = {
			isa = PBXGroup;
			children = (
				35FB12E428341CBC00144871 /* Cells */,
				35B1EADA2832C6E700644797 /* Models */,
				35B1EAD72832C5CC00644797 /* Managers */,
				35B1EAD22832C48B00644797 /* ViewModels */,
				35B1EACF2832B93800644797 /* Extensions */,
				35B1EA9C2832B81D00644797 /* AppDelegate.swift */,
				35B1EA9E2832B81D00644797 /* SceneDelegate.swift */,
				35B1EAA02832B81D00644797 /* ViewController.swift */,
				35B1EAA22832B81D00644797 /* Main.storyboard */,
				35B1EAA82832B82400644797 /* Assets.xcassets */,
				35B1EAAA2832B82400644797 /* LaunchScreen.storyboard */,
				35B1EAAD2832B82400644797 /* Info.plist */,
				35B1EAA52832B81D00644797 /* nasa_project.xcdatamodeld */,
			);
			path = nasa_project;
			sourceTree = "<group>";
		};
		35B1EAB52832B82500644797 /* nasa_projectTests */ = {
			isa = PBXGroup;
			children = (
				35B1EAB62832B82500644797 /* nasa_projectTests.swift */,
			);
			path = nasa_projectTests;
			sourceTree = "<group>";
		};
		35B1EABF2832B82500644797 /* nasa_projectUITests */ = {
			isa = PBXGroup;
			children = (
				35B1EAC02832B82500644797 /* nasa_projectUITests.swift */,
				35B1EAC22832B82500644797 /* nasa_projectUITestsLaunchTests.swift */,
			);
			path = nasa_projectUITests;
			sourceTree = "<group>";
		};
		35B1EACF2832B93800644797 /* Extensions */ = {
			isa = PBXGroup;
			children = (
				35B1EAD02832B96E00644797 /* URLRequestExtension.swift */,
				35B1EAE12832CCA500644797 /* DecodableExtension.swift */,
				35FB12E928341DC100144871 /* UICollectionViewExtension.swift */,
				35FB12EB28341DEB00144871 /* UICollectionViewCellExtension.swift */,
			);
			path = Extensions;
			sourceTree = "<group>";
		};
		35B1EAD22832C48B00644797 /* ViewModels */ = {
			isa = PBXGroup;
			children = (
				35B1EAD32832C4A900644797 /* PhotoViewModel.swift */,
				35B1EAD52832C58F00644797 /* BaseViewModel.swift */,
			);
			path = ViewModels;
			sourceTree = "<group>";
		};
		35B1EAD72832C5CC00644797 /* Managers */ = {
			isa = PBXGroup;
			children = (
				35B1EAD82832C69600644797 /* NetworkManager.swift */,
			);
			path = Managers;
			sourceTree = "<group>";
		};
		35B1EADA2832C6E700644797 /* Models */ = {
			isa = PBXGroup;
			children = (
				35B1EADB2832C70200644797 /* Photo.swift */,
				35B1EADD2832C96500644797 /* Camera.swift */,
				35B1EADF2832C98500644797 /* Rover.swift */,
			);
			path = Models;
			sourceTree = "<group>";
		};
		35FB12E428341CBC00144871 /* Cells */ = {
			isa = PBXGroup;
			children = (
				35FB12E528341CE800144871 /* PhotoCollectionViewCell.swift */,
				35FB12E628341CE800144871 /* PhotoCollectionViewCell.xib */,
			);
			path = Cells;
			sourceTree = "<group>";
		};
/* End PBXGroup section */

/* Begin PBXNativeTarget section */
		35B1EA982832B81D00644797 /* nasa_project */ = {
			isa = PBXNativeTarget;
			buildConfigurationList = 35B1EAC62832B82500644797 /* Build configuration list for PBXNativeTarget "nasa_project" */;
			buildPhases = (
				35B1EA952832B81D00644797 /* Sources */,
				35B1EA962832B81D00644797 /* Frameworks */,
				35B1EA972832B81D00644797 /* Resources */,
			);
			buildRules = (
			);
			dependencies = (
			);
			name = nasa_project;
			productName = nasa_project;
			productReference = 35B1EA992832B81D00644797 /* nasa_project.app */;
			productType = "com.apple.product-type.application";
		};
		35B1EAB12832B82500644797 /* nasa_projectTests */ = {
			isa = PBXNativeTarget;
			buildConfigurationList = 35B1EAC92832B82500644797 /* Build configuration list for PBXNativeTarget "nasa_projectTests" */;
			buildPhases = (
				35B1EAAE2832B82500644797 /* Sources */,
				35B1EAAF2832B82500644797 /* Frameworks */,
				35B1EAB02832B82500644797 /* Resources */,
			);
			buildRules = (
			);
			dependencies = (
				35B1EAB42832B82500644797 /* PBXTargetDependency */,
			);
			name = nasa_projectTests;
			productName = nasa_projectTests;
			productReference = 35B1EAB22832B82500644797 /* nasa_projectTests.xctest */;
			productType = "com.apple.product-type.bundle.unit-test";
		};
		35B1EABB2832B82500644797 /* nasa_projectUITests */ = {
			isa = PBXNativeTarget;
			buildConfigurationList = 35B1EACC2832B82500644797 /* Build configuration list for PBXNativeTarget "nasa_projectUITests" */;
			buildPhases = (
				35B1EAB82832B82500644797 /* Sources */,
				35B1EAB92832B82500644797 /* Frameworks */,
				35B1EABA2832B82500644797 /* Resources */,
			);
			buildRules = (
			);
			dependencies = (
				35B1EABE2832B82500644797 /* PBXTargetDependency */,
			);
			name = nasa_projectUITests;
			productName = nasa_projectUITests;
			productReference = 35B1EABC2832B82500644797 /* nasa_projectUITests.xctest */;
			productType = "com.apple.product-type.bundle.ui-testing";
		};
/* End PBXNativeTarget section */

/* Begin PBXProject section */
		35B1EA912832B81D00644797 /* Project object */ = {
			isa = PBXProject;
			attributes = {
				BuildIndependentTargetsInParallel = 1;
				LastSwiftUpdateCheck = 1330;
				LastUpgradeCheck = 1330;
				TargetAttributes = {
					35B1EA982832B81D00644797 = {
						CreatedOnToolsVersion = 13.3.1;
					};
					35B1EAB12832B82500644797 = {
						CreatedOnToolsVersion = 13.3.1;
						TestTargetID = 35B1EA982832B81D00644797;
					};
					35B1EABB2832B82500644797 = {
						CreatedOnToolsVersion = 13.3.1;
						TestTargetID = 35B1EA982832B81D00644797;
					};
				};
			};
			buildConfigurationList = 35B1EA942832B81D00644797 /* Build configuration list for PBXProject "nasa_project" */;
			compatibilityVersion = "Xcode 13.0";
			developmentRegion = en;
			hasScannedForEncodings = 0;
			knownRegions = (
				en,
				Base,
			);
			mainGroup = 35B1EA902832B81D00644797;
			productRefGroup = 35B1EA9A2832B81D00644797 /* Products */;
			projectDirPath = "";
			projectRoot = "";
			targets = (
				35B1EA982832B81D00644797 /* nasa_project */,
				35B1EAB12832B82500644797 /* nasa_projectTests */,
				35B1EABB2832B82500644797 /* nasa_projectUITests */,
			);
		};
/* End PBXProject section */

/* Begin PBXResourcesBuildPhase section */
		35B1EA972832B81D00644797 /* Resources */ = {
			isa = PBXResourcesBuildPhase;
			buildActionMask = 2147483647;
			files = (
				35B1EAAC2832B82400644797 /* LaunchScreen.storyboard in Resources */,
				35FB12E828341CE800144871 /* PhotoCollectionViewCell.xib in Resources */,
				35B1EAA92832B82400644797 /* Assets.xcassets in Resources */,
				35B1EAA42832B81D00644797 /* Main.storyboard in Resources */,
			);
			runOnlyForDeploymentPostprocessing = 0;
		};
		35B1EAB02832B82500644797 /* Resources */ = {
			isa = PBXResourcesBuildPhase;
			buildActionMask = 2147483647;
			files = (
			);
			runOnlyForDeploymentPostprocessing = 0;
		};
		35B1EABA2832B82500644797 /* Resources */ = {
			isa = PBXResourcesBuildPhase;
			buildActionMask = 2147483647;
			files = (
			);
			runOnlyForDeploymentPostprocessing = 0;
		};
/* End PBXResourcesBuildPhase section */

/* Begin PBXSourcesBuildPhase section */
		35B1EA952832B81D00644797 /* Sources */ = {
			isa = PBXSourcesBuildPhase;
			buildActionMask = 2147483647;
			files = (
				35B1EADC2832C70200644797 /* Photo.swift in Sources */,
				35FB12E728341CE800144871 /* PhotoCollectionViewCell.swift in Sources */,
				35FB12EA28341DC100144871 /* UICollectionViewExtension.swift in Sources */,
				35B1EAA12832B81D00644797 /* ViewController.swift in Sources */,
				35B1EAD12832B96E00644797 /* URLRequestExtension.swift in Sources */,
				35B1EAE02832C98500644797 /* Rover.swift in Sources */,
				35B1EA9D2832B81D00644797 /* AppDelegate.swift in Sources */,
				35B1EAD62832C58F00644797 /* BaseViewModel.swift in Sources */,
				35B1EAD92832C69600644797 /* NetworkManager.swift in Sources */,
				35B1EAE22832CCA500644797 /* DecodableExtension.swift in Sources */,
				35B1EADE2832C96500644797 /* Camera.swift in Sources */,
				35FB12EC28341DEB00144871 /* UICollectionViewCellExtension.swift in Sources */,
				35B1EAA72832B81D00644797 /* nasa_project.xcdatamodeld in Sources */,
				35B1EA9F2832B81D00644797 /* SceneDelegate.swift in Sources */,
				35B1EAD42832C4A900644797 /* PhotoViewModel.swift in Sources */,
			);
			runOnlyForDeploymentPostprocessing = 0;
		};
		35B1EAAE2832B82500644797 /* Sources */ = {
			isa = PBXSourcesBuildPhase;
			buildActionMask = 2147483647;
			files = (
				35B1EAB72832B82500644797 /* nasa_projectTests.swift in Sources */,
			);
			runOnlyForDeploymentPostprocessing = 0;
		};
		35B1EAB82832B82500644797 /* Sources */ = {
			isa = PBXSourcesBuildPhase;
			buildActionMask = 2147483647;
			files = (
				35B1EAC12832B82500644797 /* nasa_projectUITests.swift in Sources */,
				35B1EAC32832B82500644797 /* nasa_projectUITestsLaunchTests.swift in Sources */,
			);
			runOnlyForDeploymentPostprocessing = 0;
		};
/* End PBXSourcesBuildPhase section */

/* Begin PBXTargetDependency section */
		35B1EAB42832B82500644797 /* PBXTargetDependency */ = {
			isa = PBXTargetDependency;
			target = 35B1EA982832B81D00644797 /* nasa_project */;
			targetProxy = 35B1EAB32832B82500644797 /* PBXContainerItemProxy */;
		};
		35B1EABE2832B82500644797 /* PBXTargetDependency */ = {
			isa = PBXTargetDependency;
			target = 35B1EA982832B81D00644797 /* nasa_project */;
			targetProxy = 35B1EABD2832B82500644797 /* PBXContainerItemProxy */;
		};
/* End PBXTargetDependency section */

/* Begin PBXVariantGroup section */
		35B1EAA22832B81D00644797 /* Main.storyboard */ = {
			isa = PBXVariantGroup;
			children = (
				35B1EAA32832B81D00644797 /* Base */,
			);
			name = Main.storyboard;
			sourceTree = "<group>";
		};
		35B1EAAA2832B82400644797 /* LaunchScreen.storyboard */ = {
			isa = PBXVariantGroup;
			children = (
				35B1EAAB2832B82400644797 /* Base */,
			);
			name = LaunchScreen.storyboard;
			sourceTree = "<group>";
		};
/* End PBXVariantGroup section */

/* Begin XCBuildConfiguration section */
		35B1EAC42832B82500644797 /* Debug */ = {
			isa = XCBuildConfiguration;
			buildSettings = {
				ALWAYS_SEARCH_USER_PATHS = NO;
				CLANG_ANALYZER_NONNULL = YES;
				CLANG_ANALYZER_NUMBER_OBJECT_CONVERSION = YES_AGGRESSIVE;
				CLANG_CXX_LANGUAGE_STANDARD = "gnu++17";
				CLANG_ENABLE_MODULES = YES;
				CLANG_ENABLE_OBJC_ARC = YES;
				CLANG_ENABLE_OBJC_WEAK = YES;
				CLANG_WARN_BLOCK_CAPTURE_AUTORELEASING = YES;
				CLANG_WARN_BOOL_CONVERSION = YES;
				CLANG_WARN_COMMA = YES;
				CLANG_WARN_CONSTANT_CONVERSION = YES;
				CLANG_WARN_DEPRECATED_OBJC_IMPLEMENTATIONS = YES;
				CLANG_WARN_DIRECT_OBJC_ISA_USAGE = YES_ERROR;
				CLANG_WARN_DOCUMENTATION_COMMENTS = YES;
				CLANG_WARN_EMPTY_BODY = YES;
				CLANG_WARN_ENUM_CONVERSION = YES;
				CLANG_WARN_INFINITE_RECURSION = YES;
				CLANG_WARN_INT_CONVERSION = YES;
				CLANG_WARN_NON_LITERAL_NULL_CONVERSION = YES;
				CLANG_WARN_OBJC_IMPLICIT_RETAIN_SELF = YES;
				CLANG_WARN_OBJC_LITERAL_CONVERSION = YES;
				CLANG_WARN_OBJC_ROOT_CLASS = YES_ERROR;
				CLANG_WARN_QUOTED_INCLUDE_IN_FRAMEWORK_HEADER = YES;
				CLANG_WARN_RANGE_LOOP_ANALYSIS = YES;
				CLANG_WARN_STRICT_PROTOTYPES = YES;
				CLANG_WARN_SUSPICIOUS_MOVE = YES;
				CLANG_WARN_UNGUARDED_AVAILABILITY = YES_AGGRESSIVE;
				CLANG_WARN_UNREACHABLE_CODE = YES;
				CLANG_WARN__DUPLICATE_METHOD_MATCH = YES;
				COPY_PHASE_STRIP = NO;
				DEBUG_INFORMATION_FORMAT = dwarf;
				ENABLE_STRICT_OBJC_MSGSEND = YES;
				ENABLE_TESTABILITY = YES;
				GCC_C_LANGUAGE_STANDARD = gnu11;
				GCC_DYNAMIC_NO_PIC = NO;
				GCC_NO_COMMON_BLOCKS = YES;
				GCC_OPTIMIZATION_LEVEL = 0;
				GCC_PREPROCESSOR_DEFINITIONS = (
					"DEBUG=1",
					"$(inherited)",
				);
				GCC_WARN_64_TO_32_BIT_CONVERSION = YES;
				GCC_WARN_ABOUT_RETURN_TYPE = YES_ERROR;
				GCC_WARN_UNDECLARED_SELECTOR = YES;
				GCC_WARN_UNINITIALIZED_AUTOS = YES_AGGRESSIVE;
				GCC_WARN_UNUSED_FUNCTION = YES;
				GCC_WARN_UNUSED_VARIABLE = YES;
				IPHONEOS_DEPLOYMENT_TARGET = 15.4;
				MTL_ENABLE_DEBUG_INFO = INCLUDE_SOURCE;
				MTL_FAST_MATH = YES;
				ONLY_ACTIVE_ARCH = YES;
				SDKROOT = iphoneos;
				SWIFT_ACTIVE_COMPILATION_CONDITIONS = DEBUG;
				SWIFT_OPTIMIZATION_LEVEL = "-Onone";
			};
			name = Debug;
		};
		35B1EAC52832B82500644797 /* Release */ = {
			isa = XCBuildConfiguration;
			buildSettings = {
				ALWAYS_SEARCH_USER_PATHS = NO;
				CLANG_ANALYZER_NONNULL = YES;
				CLANG_ANALYZER_NUMBER_OBJECT_CONVERSION = YES_AGGRESSIVE;
				CLANG_CXX_LANGUAGE_STANDARD = "gnu++17";
				CLANG_ENABLE_MODULES = YES;
				CLANG_ENABLE_OBJC_ARC = YES;
				CLANG_ENABLE_OBJC_WEAK = YES;
				CLANG_WARN_BLOCK_CAPTURE_AUTORELEASING = YES;
				CLANG_WARN_BOOL_CONVERSION = YES;
				CLANG_WARN_COMMA = YES;
				CLANG_WARN_CONSTANT_CONVERSION = YES;
				CLANG_WARN_DEPRECATED_OBJC_IMPLEMENTATIONS = YES;
				CLANG_WARN_DIRECT_OBJC_ISA_USAGE = YES_ERROR;
				CLANG_WARN_DOCUMENTATION_COMMENTS = YES;
				CLANG_WARN_EMPTY_BODY = YES;
				CLANG_WARN_ENUM_CONVERSION = YES;
				CLANG_WARN_INFINITE_RECURSION = YES;
				CLANG_WARN_INT_CONVERSION = YES;
				CLANG_WARN_NON_LITERAL_NULL_CONVERSION = YES;
				CLANG_WARN_OBJC_IMPLICIT_RETAIN_SELF = YES;
				CLANG_WARN_OBJC_LITERAL_CONVERSION = YES;
				CLANG_WARN_OBJC_ROOT_CLASS = YES_ERROR;
				CLANG_WARN_QUOTED_INCLUDE_IN_FRAMEWORK_HEADER = YES;
				CLANG_WARN_RANGE_LOOP_ANALYSIS = YES;
				CLANG_WARN_STRICT_PROTOTYPES = YES;
				CLANG_WARN_SUSPICIOUS_MOVE = YES;
				CLANG_WARN_UNGUARDED_AVAILABILITY = YES_AGGRESSIVE;
				CLANG_WARN_UNREACHABLE_CODE = YES;
				CLANG_WARN__DUPLICATE_METHOD_MATCH = YES;
				COPY_PHASE_STRIP = NO;
				DEBUG_INFORMATION_FORMAT = "dwarf-with-dsym";
				ENABLE_NS_ASSERTIONS = NO;
				ENABLE_STRICT_OBJC_MSGSEND = YES;
				GCC_C_LANGUAGE_STANDARD = gnu11;
				GCC_NO_COMMON_BLOCKS = YES;
				GCC_WARN_64_TO_32_BIT_CONVERSION = YES;
				GCC_WARN_ABOUT_RETURN_TYPE = YES_ERROR;
				GCC_WARN_UNDECLARED_SELECTOR = YES;
				GCC_WARN_UNINITIALIZED_AUTOS = YES_AGGRESSIVE;
				GCC_WARN_UNUSED_FUNCTION = YES;
				GCC_WARN_UNUSED_VARIABLE = YES;
				IPHONEOS_DEPLOYMENT_TARGET = 15.4;
				MTL_ENABLE_DEBUG_INFO = NO;
				MTL_FAST_MATH = YES;
				SDKROOT = iphoneos;
				SWIFT_COMPILATION_MODE = wholemodule;
				SWIFT_OPTIMIZATION_LEVEL = "-O";
				VALIDATE_PRODUCT = YES;
			};
			name = Release;
		};
		35B1EAC72832B82500644797 /* Debug */ = {
			isa = XCBuildConfiguration;
			buildSettings = {
				ASSETCATALOG_COMPILER_APPICON_NAME = AppIcon;
				ASSETCATALOG_COMPILER_GLOBAL_ACCENT_COLOR_NAME = AccentColor;
				CODE_SIGN_STYLE = Automatic;
				CURRENT_PROJECT_VERSION = 1;
				DEVELOPMENT_TEAM = THMP52F63T;
				GENERATE_INFOPLIST_FILE = YES;
				INFOPLIST_FILE = nasa_project/Info.plist;
				INFOPLIST_KEY_UIApplicationSupportsIndirectInputEvents = YES;
				INFOPLIST_KEY_UILaunchStoryboardName = LaunchScreen;
				INFOPLIST_KEY_UIMainStoryboardFile = Main;
				INFOPLIST_KEY_UISupportedInterfaceOrientations_iPad = "UIInterfaceOrientationPortrait UIInterfaceOrientationPortraitUpsideDown UIInterfaceOrientationLandscapeLeft UIInterfaceOrientationLandscapeRight";
				INFOPLIST_KEY_UISupportedInterfaceOrientations_iPhone = "UIInterfaceOrientationPortrait UIInterfaceOrientationLandscapeLeft UIInterfaceOrientationLandscapeRight";
				LD_RUNPATH_SEARCH_PATHS = (
					"$(inherited)",
					"@executable_path/Frameworks",
				);
				MARKETING_VERSION = 1.0;
				PRODUCT_BUNDLE_IDENTIFIER = "com.ridvanmertoglu.nasa-project";
				PRODUCT_NAME = "$(TARGET_NAME)";
				SWIFT_EMIT_LOC_STRINGS = YES;
				SWIFT_VERSION = 5.0;
				TARGETED_DEVICE_FAMILY = "1,2";
			};
			name = Debug;
		};
		35B1EAC82832B82500644797 /* Release */ = {
			isa = XCBuildConfiguration;
			buildSettings = {
				ASSETCATALOG_COMPILER_APPICON_NAME = AppIcon;
				ASSETCATALOG_COMPILER_GLOBAL_ACCENT_COLOR_NAME = AccentColor;
				CODE_SIGN_STYLE = Automatic;
				CURRENT_PROJECT_VERSION = 1;
				DEVELOPMENT_TEAM = THMP52F63T;
				GENERATE_INFOPLIST_FILE = YES;
				INFOPLIST_FILE = nasa_project/Info.plist;
				INFOPLIST_KEY_UIApplicationSupportsIndirectInputEvents = YES;
				INFOPLIST_KEY_UILaunchStoryboardName = LaunchScreen;
				INFOPLIST_KEY_UIMainStoryboardFile = Main;
				INFOPLIST_KEY_UISupportedInterfaceOrientations_iPad = "UIInterfaceOrientationPortrait UIInterfaceOrientationPortraitUpsideDown UIInterfaceOrientationLandscapeLeft UIInterfaceOrientationLandscapeRight";
				INFOPLIST_KEY_UISupportedInterfaceOrientations_iPhone = "UIInterfaceOrientationPortrait UIInterfaceOrientationLandscapeLeft UIInterfaceOrientationLandscapeRight";
				LD_RUNPATH_SEARCH_PATHS = (
					"$(inherited)",
					"@executable_path/Frameworks",
				);
				MARKETING_VERSION = 1.0;
				PRODUCT_BUNDLE_IDENTIFIER = "com.ridvanmertoglu.nasa-project";
				PRODUCT_NAME = "$(TARGET_NAME)";
				SWIFT_EMIT_LOC_STRINGS = YES;
				SWIFT_VERSION = 5.0;
				TARGETED_DEVICE_FAMILY = "1,2";
			};
			name = Release;
		};
		35B1EACA2832B82500644797 /* Debug */ = {
			isa = XCBuildConfiguration;
			buildSettings = {
				ALWAYS_EMBED_SWIFT_STANDARD_LIBRARIES = YES;
				BUNDLE_LOADER = "$(TEST_HOST)";
				CODE_SIGN_STYLE = Automatic;
				CURRENT_PROJECT_VERSION = 1;
				DEVELOPMENT_TEAM = THMP52F63T;
				GENERATE_INFOPLIST_FILE = YES;
				IPHONEOS_DEPLOYMENT_TARGET = 15.4;
				MARKETING_VERSION = 1.0;
				PRODUCT_BUNDLE_IDENTIFIER = "com.ridvanmertoglu.nasa-projectTests";
				PRODUCT_NAME = "$(TARGET_NAME)";
				SWIFT_EMIT_LOC_STRINGS = NO;
				SWIFT_VERSION = 5.0;
				TARGETED_DEVICE_FAMILY = "1,2";
				TEST_HOST = "$(BUILT_PRODUCTS_DIR)/nasa_project.app/nasa_project";
			};
			name = Debug;
		};
		35B1EACB2832B82500644797 /* Release */ = {
			isa = XCBuildConfiguration;
			buildSettings = {
				ALWAYS_EMBED_SWIFT_STANDARD_LIBRARIES = YES;
				BUNDLE_LOADER = "$(TEST_HOST)";
				CODE_SIGN_STYLE = Automatic;
				CURRENT_PROJECT_VERSION = 1;
				DEVELOPMENT_TEAM = THMP52F63T;
				GENERATE_INFOPLIST_FILE = YES;
				IPHONEOS_DEPLOYMENT_TARGET = 15.4;
				MARKETING_VERSION = 1.0;
				PRODUCT_BUNDLE_IDENTIFIER = "com.ridvanmertoglu.nasa-projectTests";
				PRODUCT_NAME = "$(TARGET_NAME)";
				SWIFT_EMIT_LOC_STRINGS = NO;
				SWIFT_VERSION = 5.0;
				TARGETED_DEVICE_FAMILY = "1,2";
				TEST_HOST = "$(BUILT_PRODUCTS_DIR)/nasa_project.app/nasa_project";
			};
			name = Release;
		};
		35B1EACD2832B82500644797 /* Debug */ = {
			isa = XCBuildConfiguration;
			buildSettings = {
				ALWAYS_EMBED_SWIFT_STANDARD_LIBRARIES = YES;
				CODE_SIGN_STYLE = Automatic;
				CURRENT_PROJECT_VERSION = 1;
				DEVELOPMENT_TEAM = THMP52F63T;
				GENERATE_INFOPLIST_FILE = YES;
				MARKETING_VERSION = 1.0;
				PRODUCT_BUNDLE_IDENTIFIER = "com.ridvanmertoglu.nasa-projectUITests";
				PRODUCT_NAME = "$(TARGET_NAME)";
				SWIFT_EMIT_LOC_STRINGS = NO;
				SWIFT_VERSION = 5.0;
				TARGETED_DEVICE_FAMILY = "1,2";
				TEST_TARGET_NAME = nasa_project;
			};
			name = Debug;
		};
		35B1EACE2832B82500644797 /* Release */ = {
			isa = XCBuildConfiguration;
			buildSettings = {
				ALWAYS_EMBED_SWIFT_STANDARD_LIBRARIES = YES;
				CODE_SIGN_STYLE = Automatic;
				CURRENT_PROJECT_VERSION = 1;
				DEVELOPMENT_TEAM = THMP52F63T;
				GENERATE_INFOPLIST_FILE = YES;
				MARKETING_VERSION = 1.0;
				PRODUCT_BUNDLE_IDENTIFIER = "com.ridvanmertoglu.nasa-projectUITests";
				PRODUCT_NAME = "$(TARGET_NAME)";
				SWIFT_EMIT_LOC_STRINGS = NO;
				SWIFT_VERSION = 5.0;
				TARGETED_DEVICE_FAMILY = "1,2";
				TEST_TARGET_NAME = nasa_project;
			};
			name = Release;
		};
/* End XCBuildConfiguration section */

/* Begin XCConfigurationList section */
		35B1EA942832B81D00644797 /* Build configuration list for PBXProject "nasa_project" */ = {
			isa = XCConfigurationList;
			buildConfigurations = (
				35B1EAC42832B82500644797 /* Debug */,
				35B1EAC52832B82500644797 /* Release */,
			);
			defaultConfigurationIsVisible = 0;
			defaultConfigurationName = Release;
		};
		35B1EAC62832B82500644797 /* Build configuration list for PBXNativeTarget "nasa_project" */ = {
			isa = XCConfigurationList;
			buildConfigurations = (
				35B1EAC72832B82500644797 /* Debug */,
				35B1EAC82832B82500644797 /* Release */,
			);
			defaultConfigurationIsVisible = 0;
			defaultConfigurationName = Release;
		};
		35B1EAC92832B82500644797 /* Build configuration list for PBXNativeTarget "nasa_projectTests" */ = {
			isa = XCConfigurationList;
			buildConfigurations = (
				35B1EACA2832B82500644797 /* Debug */,
				35B1EACB2832B82500644797 /* Release */,
			);
			defaultConfigurationIsVisible = 0;
			defaultConfigurationName = Release;
		};
		35B1EACC2832B82500644797 /* Build configuration list for PBXNativeTarget "nasa_projectUITests" */ = {
			isa = XCConfigurationList;
			buildConfigurations = (
				35B1EACD2832B82500644797 /* Debug */,
				35B1EACE2832B82500644797 /* Release */,
			);
			defaultConfigurationIsVisible = 0;
			defaultConfigurationName = Release;
		};
/* End XCConfigurationList section */

/* Begin XCVersionGroup section */
		35B1EAA52832B81D00644797 /* nasa_project.xcdatamodeld */ = {
			isa = XCVersionGroup;
			children = (
				35B1EAA62832B81D00644797 /* nasa_project.xcdatamodel */,
			);
			currentVersion = 35B1EAA62832B81D00644797 /* nasa_project.xcdatamodel */;
			path = nasa_project.xcdatamodeld;
			sourceTree = "<group>";
			versionGroupType = wrapper.xcdatamodel;
		};
/* End XCVersionGroup section */
	};
	rootObject = 35B1EA912832B81D00644797 /* Project object */;
}
